
Microsoft Visual Studio Solution File, Format Version 12.00
# Visual Studio Version 17
VisualStudioVersion = 17.10.34928.147
MinimumVisualStudioVersion = 10.0.40219.1
Project("{FAE04EC0-301F-11D3-BF4B-00C04F79EFBC}") = "NoteList", "NoteList\NoteList.csproj", "{E7AF39FE-7C15-4EAA-B569-52893D51A0B2}"
EndProject
Project("{FAE04EC0-301F-11D3-BF4B-00C04F79EFBC}") = "NoteList.DomainLayer", "NoteList.DomainLayer\NoteList.DomainLayer.csproj", "{D23E2FAC-39E5-4105-A429-4AC599734D72}"
EndProject
Project("{FAE04EC0-301F-11D3-BF4B-00C04F79EFBC}") = "NoteList.RepositoryLayer", "NoteList.RepositoryLayer\NoteList.RepositoryLayer.csproj", "{8F305434-A806-47E0-BB99-6F834BB70035}"
EndProject
Project("{FAE04EC0-301F-11D3-BF4B-00C04F79EFBC}") = "NoteList.ServiceLayer", "NoteList.ServiceLayer\NoteList.ServiceLayer.csproj", "{73218C9E-5D26-4F5B-87E1-8E67F41EF66B}"
EndProject
Global
	GlobalSection(SolutionConfigurationPlatforms) = preSolution
		Debug|Any CPU = Debug|Any CPU
		Release|Any CPU = Release|Any CPU
	EndGlobalSection
	GlobalSection(ProjectConfigurationPlatforms) = postSolution
		{E7AF39FE-7C15-4EAA-B569-52893D51A0B2}.Debug|Any CPU.ActiveCfg = Debug|Any CPU
		{E7AF39FE-7C15-4EAA-B569-52893D51A0B2}.Debug|Any CPU.Build.0 = Debug|Any CPU
		{E7AF39FE-7C15-4EAA-B569-52893D51A0B2}.Release|Any CPU.ActiveCfg = Release|Any CPU
		{E7AF39FE-7C15-4EAA-B569-52893D51A0B2}.Release|Any CPU.Build.0 = Release|Any CPU
		{D23E2FAC-39E5-4105-A429-4AC599734D72}.Debug|Any CPU.ActiveCfg = Debug|Any CPU
		{D23E2FAC-39E5-4105-A429-4AC599734D72}.Debug|Any CPU.Build.0 = Debug|Any CPU
		{D23E2FAC-39E5-4105-A429-4AC599734D72}.Release|Any CPU.ActiveCfg = Release|Any CPU
		{D23E2FAC-39E5-4105-A429-4AC599734D72}.Release|Any CPU.Build.0 = Release|Any CPU
		{8F305434-A806-47E0-BB99-6F834BB70035}.Debug|Any CPU.ActiveCfg = Debug|Any CPU
		{8F305434-A806-47E0-BB99-6F834BB70035}.Debug|Any CPU.Build.0 = Debug|Any CPU
		{8F305434-A806-47E0-BB99-6F834BB70035}.Release|Any CPU.ActiveCfg = Release|Any CPU
		{8F305434-A806-47E0-BB99-6F834BB70035}.Release|Any CPU.Build.0 = Release|Any CPU
		{73218C9E-5D26-4F5B-87E1-8E67F41EF66B}.Debug|Any CPU.ActiveCfg = Debug|Any CPU
		{73218C9E-5D26-4F5B-87E1-8E67F41EF66B}.Debug|Any CPU.Build.0 = Debug|Any CPU
		{73218C9E-5D26-4F5B-87E1-8E67F41EF66B}.Release|Any CPU.ActiveCfg = Release|Any CPU
		{73218C9E-5D26-4F5B-87E1-8E67F41EF66B}.Release|Any CPU.Build.0 = Release|Any CPU
	EndGlobalSection
	GlobalSection(SolutionProperties) = preSolution
		HideSolutionNode = FALSE
	EndGlobalSection
	GlobalSection(ExtensibilityGlobals) = postSolution
		SolutionGuid = {C4B40333-3797-401D-A3EF-79B8AF5D7C49}
	EndGlobalSection
EndGlobal
